
Microsoft Visual Studio Solution File, Format Version 12.00
# Visual Studio Version 17
VisualStudioVersion = 17.0.31903.59
MinimumVisualStudioVersion = 10.0.40219.1
Project("{FAE04EC0-301F-11D3-BF4B-00C04F79EFBC}") = "Mic Hider", "Mic Hider\Mic Hider.csproj", "{8B960F11-9F4A-447B-931A-DF87B706F3D7}"
EndProject
Global
	GlobalSection(SolutionConfigurationPlatforms) = preSolution
		Debug|Any CPU = Debug|Any CPU
		Release|Any CPU = Release|Any CPU
	EndGlobalSection
	GlobalSection(ProjectConfigurationPlatforms) = postSolution
		{8B960F11-9F4A-447B-931A-DF87B706F3D7}.Debug|Any CPU.ActiveCfg = Debug|Any CPU
		{8B960F11-9F4A-447B-931A-DF87B706F3D7}.Debug|Any CPU.Build.0 = Debug|Any CPU
		{8B960F11-9F4A-447B-931A-DF87B706F3D7}.Release|Any CPU.ActiveCfg = Release|Any CPU
		{8B960F11-9F4A-447B-931A-DF87B706F3D7}.Release|Any CPU.Build.0 = Release|Any CPU
	EndGlobalSection
	GlobalSection(SolutionProperties) = preSolution
		HideSolutionNode = FALSE
	EndGlobalSection
	GlobalSection(ExtensibilityGlobals) = postSolution
		SolutionGuid = {47C3D4A3-E7C1-47B9-91A9-96D74D91AB1F}
	EndGlobalSection
EndGlobal
